
Microsoft Visual Studio Solution File, Format Version 12.00
# Visual Studio 2012
Project("{FAE04EC0-301F-11D3-BF4B-00C04F79EFBC}") = "Compiler", "Compiler\Compiler.csproj", "{DF6BC353-BB10-45C6-930C-94A5314334B1}"
EndProject
Project("{FAE04EC0-301F-11D3-BF4B-00C04F79EFBC}") = "VM", "..\..\07\VM\VM\VM.csproj", "{AEA53569-2BBA-4555-B787-5AB858B29D89}"
EndProject
Global
	GlobalSection(SolutionConfigurationPlatforms) = preSolution
		Debug|Any CPU = Debug|Any CPU
		Release|Any CPU = Release|Any CPU
	EndGlobalSection
	GlobalSection(ProjectConfigurationPlatforms) = postSolution
		{DF6BC353-BB10-45C6-930C-94A5314334B1}.Debug|Any CPU.ActiveCfg = Debug|Any CPU
		{DF6BC353-BB10-45C6-930C-94A5314334B1}.Debug|Any CPU.Build.0 = Debug|Any CPU
		{DF6BC353-BB10-45C6-930C-94A5314334B1}.Release|Any CPU.ActiveCfg = Release|Any CPU
		{DF6BC353-BB10-45C6-930C-94A5314334B1}.Release|Any CPU.Build.0 = Release|Any CPU
		{AEA53569-2BBA-4555-B787-5AB858B29D89}.Debug|Any CPU.ActiveCfg = Debug|Any CPU
		{AEA53569-2BBA-4555-B787-5AB858B29D89}.Debug|Any CPU.Build.0 = Debug|Any CPU
		{AEA53569-2BBA-4555-B787-5AB858B29D89}.Release|Any CPU.ActiveCfg = Release|Any CPU
		{AEA53569-2BBA-4555-B787-5AB858B29D89}.Release|Any CPU.Build.0 = Release|Any CPU
	EndGlobalSection
	GlobalSection(SolutionProperties) = preSolution
		HideSolutionNode = FALSE
	EndGlobalSection
EndGlobal
